// !$*UTF8*$!
{
	archiveVersion = 1;
	classes = {
	};
	objectVersion = 50;
	objects = {

/* Begin PBXBuildFile section */
		F35E106B24A033FB0007169F /* AppDelegate.swift in Sources */ = {isa = PBXBuildFile; fileRef = F35E106A24A033FB0007169F /* AppDelegate.swift */; };
		F35E106D24A033FB0007169F /* SceneDelegate.swift in Sources */ = {isa = PBXBuildFile; fileRef = F35E106C24A033FB0007169F /* SceneDelegate.swift */; };
		F35E106F24A033FB0007169F /* ViewController.swift in Sources */ = {isa = PBXBuildFile; fileRef = F35E106E24A033FB0007169F /* ViewController.swift */; };
		F35E107224A033FB0007169F /* Main.storyboard in Resources */ = {isa = PBXBuildFile; fileRef = F35E107024A033FB0007169F /* Main.storyboard */; };
		F35E107424A033FC0007169F /* Assets.xcassets in Resources */ = {isa = PBXBuildFile; fileRef = F35E107324A033FC0007169F /* Assets.xcassets */; };
		F35E107724A033FC0007169F /* LaunchScreen.storyboard in Resources */ = {isa = PBXBuildFile; fileRef = F35E107524A033FC0007169F /* LaunchScreen.storyboard */; };
		F3F95B4924A8FB6D002FFC8C /* QuestionsFile.swift in Sources */ = {isa = PBXBuildFile; fileRef = F3F95B4824A8FB6D002FFC8C /* QuestionsFile.swift */; };
/* End PBXBuildFile section */

/* Begin PBXFileReference section */
		F35E106724A033FB0007169F /* MedicalApp.app */ = {isa = PBXFileReference; explicitFileType = wrapper.application; includeInIndex = 0; path = MedicalApp.app; sourceTree = BUILT_PRODUCTS_DIR; };
		F35E106A24A033FB0007169F /* AppDelegate.swift */ = {isa = PBXFileReference; lastKnownFileType = sourcecode.swift; path = AppDelegate.swift; sourceTree = "<group>"; };
		F35E106C24A033FB0007169F /* SceneDelegate.swift */ = {isa = PBXFileReference; lastKnownFileType = sourcecode.swift; path = SceneDelegate.swift; sourceTree = "<group>"; };
		F35E106E24A033FB0007169F /* ViewController.swift */ = {isa = PBXFileReference; lastKnownFileType = sourcecode.swift; path = ViewController.swift; sourceTree = "<group>"; };
		F35E107124A033FB0007169F /* Base */ = {isa = PBXFileReference; lastKnownFileType = file.storyboard; name = Base; path = Base.lproj/Main.storyboard; sourceTree = "<group>"; };
		F35E107324A033FC0007169F /* Assets.xcassets */ = {isa = PBXFileReference; lastKnownFileType = folder.assetcatalog; path = Assets.xcassets; sourceTree = "<group>"; };
		F35E107624A033FC0007169F /* Base */ = {isa = PBXFileReference; lastKnownFileType = file.storyboard; name = Base; path = Base.lproj/LaunchScreen.storyboard; sourceTree = "<group>"; };
		F35E107824A033FC0007169F /* Info.plist */ = {isa = PBXFileReference; lastKnownFileType = text.plist.xml; path = Info.plist; sourceTree = "<group>"; };
		F3F95B4824A8FB6D002FFC8C /* QuestionsFile.swift */ = {isa = PBXFileReference; lastKnownFileType = sourcecode.swift; path = QuestionsFile.swift; sourceTree = "<group>"; };
/* End PBXFileReference section */

/* Begin PBXFrameworksBuildPhase section */
		F35E106424A033FB0007169F /* Frameworks */ = {
			isa = PBXFrameworksBuildPhase;
			buildActionMask = 2147483647;
			files = (
			);
			runOnlyForDeploymentPostprocessing = 0;
		};
/* End PBXFrameworksBuildPhase section */

/* Begin PBXGroup section */
		F35E105E24A033FB0007169F = {
			isa = PBXGroup;
			children = (
				F35E106924A033FB0007169F /* MedicalApp */,
				F35E106824A033FB0007169F /* Products */,
			);
			sourceTree = "<group>";
		};
		F35E106824A033FB0007169F /* Products */ = {
			isa = PBXGroup;
			children = (
				F35E106724A033FB0007169F /* MedicalApp.app */,
			);
			name = Products;
			sourceTree = "<group>";
		};
		F35E106924A033FB0007169F /* MedicalApp */ = {
			isa = PBXGroup;
			children = (
				F35E106A24A033FB0007169F /* AppDelegate.swift */,
				F35E106C24A033FB0007169F /* SceneDelegate.swift */,
				F35E107024A033FB0007169F /* Main.storyboard */,
				F35E106E24A033FB0007169F /* ViewController.swift */,
				F3F95B4824A8FB6D002FFC8C /* QuestionsFile.swift */,
				F35E107324A033FC0007169F /* Assets.xcassets */,
				F35E107524A033FC0007169F /* LaunchScreen.storyboard */,
				F35E107824A033FC0007169F /* Info.plist */,
			);
			path = MedicalApp;
			sourceTree = "<group>";
		};
/* End PBXGroup section */

/* Begin PBXNativeTarget section */
		F35E106624A033FB0007169F /* MedicalApp */ = {
			isa = PBXNativeTarget;
			buildConfigurationList = F35E107B24A033FC0007169F /* Build configuration list for PBXNativeTarget "MedicalApp" */;
			buildPhases = (
				F35E106324A033FB0007169F /* Sources */,
				F35E106424A033FB0007169F /* Frameworks */,
				F35E106524A033FB0007169F /* Resources */,
			);
			buildRules = (
			);
			dependencies = (
			);
			name = MedicalApp;
			productName = MedicalApp;
			productReference = F35E106724A033FB0007169F /* MedicalApp.app */;
			productType = "com.apple.product-type.application";
		};
/* End PBXNativeTarget section */

/* Begin PBXProject section */
		F35E105F24A033FB0007169F /* Project object */ = {
			isa = PBXProject;
			attributes = {
				LastSwiftUpdateCheck = 1150;
				LastUpgradeCheck = 1150;
				ORGANIZATIONNAME = "Khawaja Firm";
				TargetAttributes = {
					F35E106624A033FB0007169F = {
						CreatedOnToolsVersion = 11.5;
					};
				};
			};
			buildConfigurationList = F35E106224A033FB0007169F /* Build configuration list for PBXProject "MedicalApp" */;
			compatibilityVersion = "Xcode 9.3";
			developmentRegion = en;
			hasScannedForEncodings = 0;
			knownRegions = (
				en,
				Base,
			);
			mainGroup = F35E105E24A033FB0007169F;
			productRefGroup = F35E106824A033FB0007169F /* Products */;
			projectDirPath = "";
			projectRoot = "";
			targets = (
				F35E106624A033FB0007169F /* MedicalApp */,
			);
		};
/* End PBXProject section */

/* Begin PBXResourcesBuildPhase section */
		F35E106524A033FB0007169F /* Resources */ = {
			isa = PBXResourcesBuildPhase;
			buildActionMask = 2147483647;
			files = (
				F35E107724A033FC0007169F /* LaunchScreen.storyboard in Resources */,
				F35E107424A033FC0007169F /* Assets.xcassets in Resources */,
				F35E107224A033FB0007169F /* Main.storyboard in Resources */,
			);
			runOnlyForDeploymentPostprocessing = 0;
		};
/* End PBXResourcesBuildPhase section */

/* Begin PBXSourcesBuildPhase section */
		F35E106324A033FB0007169F /* Sources */ = {
			isa = PBXSourcesBuildPhase;
			buildActionMask = 2147483647;
			files = (
				F35E106F24A033FB0007169F /* ViewController.swift in Sources */,
				F3F95B4924A8FB6D002FFC8C /* QuestionsFile.swift in Sources */,
				F35E106B24A033FB0007169F /* AppDelegate.swift in Sources */,
				F35E106D24A033FB0007169F /* SceneDelegate.swift in Sources */,
			);
			runOnlyForDeploymentPostprocessing = 0;
		};
/* End PBXSourcesBuildPhase section */

/* Begin PBXVariantGroup section */
		F35E107024A033FB0007169F /* Main.storyboard */ = {
			isa = PBXVariantGroup;
			children = (
				F35E107124A033FB0007169F /* Base */,
			);
			name = Main.storyboard;
			sourceTree = "<group>";
		};
		F35E107524A033FC0007169F /* LaunchScreen.storyboard */ = {
			isa = PBXVariantGroup;
			children = (
				F35E107624A033FC0007169F /* Base */,
			);
			name = LaunchScreen.storyboard;
			sourceTree = "<group>";
		};
/* End PBXVariantGroup section */

/* Begin XCBuildConfiguration section */
		F35E107924A033FC0007169F /* Debug */ = {
			isa = XCBuildConfiguration;
			buildSettings = {
				ALWAYS_SEARCH_USER_PATHS = NO;
				CLANG_ANALYZER_NONNULL = YES;
				CLANG_ANALYZER_NUMBER_OBJECT_CONVERSION = YES_AGGRESSIVE;
				CLANG_CXX_LANGUAGE_STANDARD = "gnu++14";
				CLANG_CXX_LIBRARY = "libc++";
				CLANG_ENABLE_MODULES = YES;
				CLANG_ENABLE_OBJC_ARC = YES;
				CLANG_ENABLE_OBJC_WEAK = YES;
				CLANG_WARN_BLOCK_CAPTURE_AUTORELEASING = YES;
				CLANG_WARN_BOOL_CONVERSION = YES;
				CLANG_WARN_COMMA = YES;
				CLANG_WARN_CONSTANT_CONVERSION = YES;
				CLANG_WARN_DEPRECATED_OBJC_IMPLEMENTATIONS = YES;
				CLANG_WARN_DIRECT_OBJC_ISA_USAGE = YES_ERROR;
				CLANG_WARN_DOCUMENTATION_COMMENTS = YES;
				CLANG_WARN_EMPTY_BODY = YES;
				CLANG_WARN_ENUM_CONVERSION = YES;
				CLANG_WARN_INFINITE_RECURSION = YES;
				CLANG_WARN_INT_CONVERSION = YES;
				CLANG_WARN_NON_LITERAL_NULL_CONVERSION = YES;
				CLANG_WARN_OBJC_IMPLICIT_RETAIN_SELF = YES;
				CLANG_WARN_OBJC_LITERAL_CONVERSION = YES;
				CLANG_WARN_OBJC_ROOT_CLASS = YES_ERROR;
				CLANG_WARN_RANGE_LOOP_ANALYSIS = YES;
				CLANG_WARN_STRICT_PROTOTYPES = YES;
				CLANG_WARN_SUSPICIOUS_MOVE = YES;
				CLANG_WARN_UNGUARDED_AVAILABILITY = YES_AGGRESSIVE;
				CLANG_WARN_UNREACHABLE_CODE = YES;
				CLANG_WARN__DUPLICATE_METHOD_MATCH = YES;
				COPY_PHASE_STRIP = NO;
				DEBUG_INFORMATION_FORMAT = dwarf;
				ENABLE_STRICT_OBJC_MSGSEND = YES;
				ENABLE_TESTABILITY = YES;
				GCC_C_LANGUAGE_STANDARD = gnu11;
				GCC_DYNAMIC_NO_PIC = NO;
				GCC_NO_COMMON_BLOCKS = YES;
				GCC_OPTIMIZATION_LEVEL = 0;
				GCC_PREPROCESSOR_DEFINITIONS = (
					"DEBUG=1",
					"$(inherited)",
				);
				GCC_WARN_64_TO_32_BIT_CONVERSION = YES;
				GCC_WARN_ABOUT_RETURN_TYPE = YES_ERROR;
				GCC_WARN_UNDECLARED_SELECTOR = YES;
				GCC_WARN_UNINITIALIZED_AUTOS = YES_AGGRESSIVE;
				GCC_WARN_UNUSED_FUNCTION = YES;
				GCC_WARN_UNUSED_VARIABLE = YES;
				IPHONEOS_DEPLOYMENT_TARGET = 13.5;
				MTL_ENABLE_DEBUG_INFO = INCLUDE_SOURCE;
				MTL_FAST_MATH = YES;
				ONLY_ACTIVE_ARCH = YES;
				SDKROOT = iphoneos;
				SWIFT_ACTIVE_COMPILATION_CONDITIONS = DEBUG;
				SWIFT_OPTIMIZATION_LEVEL = "-Onone";
			};
			name = Debug;
		};
		F35E107A24A033FC0007169F /* Release */ = {
			isa = XCBuildConfiguration;
			buildSettings = {
				ALWAYS_SEARCH_USER_PATHS = NO;
				CLANG_ANALYZER_NONNULL = YES;
				CLANG_ANALYZER_NUMBER_OBJECT_CONVERSION = YES_AGGRESSIVE;
				CLANG_CXX_LANGUAGE_STANDARD = "gnu++14";
				CLANG_CXX_LIBRARY = "libc++";
				CLANG_ENABLE_MODULES = YES;
				CLANG_ENABLE_OBJC_ARC = YES;
				CLANG_ENABLE_OBJC_WEAK = YES;
				CLANG_WARN_BLOCK_CAPTURE_AUTORELEASING = YES;
				CLANG_WARN_BOOL_CONVERSION = YES;
				CLANG_WARN_COMMA = YES;
				CLANG_WARN_CONSTANT_CONVERSION = YES;
				CLANG_WARN_DEPRECATED_OBJC_IMPLEMENTATIONS = YES;
				CLANG_WARN_DIRECT_OBJC_ISA_USAGE = YES_ERROR;
				CLANG_WARN_DOCUMENTATION_COMMENTS = YES;
				CLANG_WARN_EMPTY_BODY = YES;
				CLANG_WARN_ENUM_CONVERSION = YES;
				CLANG_WARN_INFINITE_RECURSION = YES;
				CLANG_WARN_INT_CONVERSION = YES;
				CLANG_WARN_NON_LITERAL_NULL_CONVERSION = YES;
				CLANG_WARN_OBJC_IMPLICIT_RETAIN_SELF = YES;
				CLANG_WARN_OBJC_LITERAL_CONVERSION = YES;
				CLANG_WARN_OBJC_ROOT_CLASS = YES_ERROR;
				CLANG_WARN_RANGE_LOOP_ANALYSIS = YES;
				CLANG_WARN_STRICT_PROTOTYPES = YES;
				CLANG_WARN_SUSPICIOUS_MOVE = YES;
				CLANG_WARN_UNGUARDED_AVAILABILITY = YES_AGGRESSIVE;
				CLANG_WARN_UNREACHABLE_CODE = YES;
				CLANG_WARN__DUPLICATE_METHOD_MATCH = YES;
				COPY_PHASE_STRIP = NO;
				DEBUG_INFORMATION_FORMAT = "dwarf-with-dsym";
				ENABLE_NS_ASSERTIONS = NO;
				ENABLE_STRICT_OBJC_MSGSEND = YES;
				GCC_C_LANGUAGE_STANDARD = gnu11;
				GCC_NO_COMMON_BLOCKS = YES;
				GCC_WARN_64_TO_32_BIT_CONVERSION = YES;
				GCC_WARN_ABOUT_RETURN_TYPE = YES_ERROR;
				GCC_WARN_UNDECLARED_SELECTOR = YES;
				GCC_WARN_UNINITIALIZED_AUTOS = YES_AGGRESSIVE;
				GCC_WARN_UNUSED_FUNCTION = YES;
				GCC_WARN_UNUSED_VARIABLE = YES;
				IPHONEOS_DEPLOYMENT_TARGET = 13.5;
				MTL_ENABLE_DEBUG_INFO = NO;
				MTL_FAST_MATH = YES;
				SDKROOT = iphoneos;
				SWIFT_COMPILATION_MODE = wholemodule;
				SWIFT_OPTIMIZATION_LEVEL = "-O";
				VALIDATE_PRODUCT = YES;
			};
			name = Release;
		};
		F35E107C24A033FC0007169F /* Debug */ = {
			isa = XCBuildConfiguration;
			buildSettings = {
				ASSETCATALOG_COMPILER_APPICON_NAME = AppIcon;
				CODE_SIGN_STYLE = Automatic;
				DEVELOPMENT_TEAM = GU5KYXQ65Z;
				INFOPLIST_FILE = MedicalApp/Info.plist;
				LD_RUNPATH_SEARCH_PATHS = (
					"$(inherited)",
					"@executable_path/Frameworks",
				);
				PRODUCT_BUNDLE_IDENTIFIER = Khawaja.MedicalApp;
				PRODUCT_NAME = "$(TARGET_NAME)";
				SWIFT_VERSION = 5.0;
				TARGETED_DEVICE_FAMILY = "1,2";
			};
			name = Debug;
		};
		F35E107D24A033FC0007169F /* Release */ = {
			isa = XCBuildConfiguration;
			buildSettings = {
				ASSETCATALOG_COMPILER_APPICON_NAME = AppIcon;
				CODE_SIGN_STYLE = Automatic;
				DEVELOPMENT_TEAM = GU5KYXQ65Z;
				INFOPLIST_FILE = MedicalApp/Info.plist;
				LD_RUNPATH_SEARCH_PATHS = (
					"$(inherited)",
					"@executable_path/Frameworks",
				);
				PRODUCT_BUNDLE_IDENTIFIER = Khawaja.MedicalApp;
				PRODUCT_NAME = "$(TARGET_NAME)";
				SWIFT_VERSION = 5.0;
				TARGETED_DEVICE_FAMILY = "1,2";
			};
			name = Release;
		};
/* End XCBuildConfiguration section */

/* Begin XCConfigurationList section */
		F35E106224A033FB0007169F /* Build configuration list for PBXProject "MedicalApp" */ = {
			isa = XCConfigurationList;
			buildConfigurations = (
				F35E107924A033FC0007169F /* Debug */,
				F35E107A24A033FC0007169F /* Release */,
			);
			defaultConfigurationIsVisible = 0;
			defaultConfigurationName = Release;
		};
		F35E107B24A033FC0007169F /* Build configuration list for PBXNativeTarget "MedicalApp" */ = {
			isa = XCConfigurationList;
			buildConfigurations = (
				F35E107C24A033FC0007169F /* Debug */,
				F35E107D24A033FC0007169F /* Release */,
			);
			defaultConfigurationIsVisible = 0;
			defaultConfigurationName = Release;
		};
/* End XCConfigurationList section */
	};
	rootObject = F35E105F24A033FB0007169F /* Project object */;
}
